
Microsoft Visual Studio Solution File, Format Version 12.00
# Visual Studio Version 17
VisualStudioVersion = 17.2.32630.192
MinimumVisualStudioVersion = 10.0.40219.1
Project("{FAE04EC0-301F-11D3-BF4B-00C04F79EFBC}") = "University", "University.csproj", "{936BB382-5C6D-4392-AA13-54A18CBF2AEC}"
EndProject
Global
	GlobalSection(SolutionConfigurationPlatforms) = preSolution
		Debug|Any CPU = Debug|Any CPU
		Release|Any CPU = Release|Any CPU
	EndGlobalSection
	GlobalSection(ProjectConfigurationPlatforms) = postSolution
		{936BB382-5C6D-4392-AA13-54A18CBF2AEC}.Debug|Any CPU.ActiveCfg = Debug|Any CPU
		{936BB382-5C6D-4392-AA13-54A18CBF2AEC}.Debug|Any CPU.Build.0 = Debug|Any CPU
		{936BB382-5C6D-4392-AA13-54A18CBF2AEC}.Release|Any CPU.ActiveCfg = Release|Any CPU
		{936BB382-5C6D-4392-AA13-54A18CBF2AEC}.Release|Any CPU.Build.0 = Release|Any CPU
	EndGlobalSection
	GlobalSection(SolutionProperties) = preSolution
		HideSolutionNode = FALSE
	EndGlobalSection
	GlobalSection(ExtensibilityGlobals) = postSolution
		SolutionGuid = {FB6DD489-5DFA-4A0C-BF72-48A670A30CCB}
	EndGlobalSection
EndGlobal
